{
  "requires": true,
  "lockfileVersion": 1,
  "dependencies": {
    "@rumras/csvparse": {
      "version": "1.0.1",
      "resolved": "https://registry.npmjs.org/@rumras/csvparse/-/csvparse-1.0.1.tgz",
      "integrity": "sha512-n/Npr8CMbyCQKR82/08i3PckH0Tnjqg4QozTCfViD8gYIKUrtlqgzOf/IMonazO7sRmdQV8moIoZtSDs7RHkMQ=="
    }
  }
}
